# This file was autogenerated by Stack.
# You should not edit this file by hand.
# For more information, please see the documentation at:
#   https://docs.haskellstack.org/en/stable/lock_files

packages:
- completed:
    hackage: streamly-0.8.3@sha256:76b846fa76a8a59fa1743fbcdf419edc2c828af49196eb3b7a0b2c5d36a3c9c2,23501
    pantry-tree:
      size: 25000
      sha256: 5df4fe6126295eb3944450862ea20dab33e251b967c03716bc9df15cccab9b0d
  original:
    hackage: streamly-0.8.3@sha256:76b846fa76a8a59fa1743fbcdf419edc2c828af49196eb3b7a0b2c5d36a3c9c2,23501
- completed:
    hackage: lockfree-queue-0.2.4@sha256:156e7ccc193fc5d8b43f065e9cd31c3171c79ec25863283d546900d92930846d,2963
    pantry-tree:
      size: 534
      sha256: f2fc3dda931181cb21b2b9410275ed05ff0042d47db9b79edef864bc123f8046
  original:
    hackage: lockfree-queue-0.2.4@sha256:156e7ccc193fc5d8b43f065e9cd31c3171c79ec25863283d546900d92930846d,2963
- completed:
    hackage: unicode-data-0.3.1@sha256:ae3a3aca89a32b912ddde7a644c0c04eaf23ee42014c74fe3d6b9aaf36ce7ec9,5481
    pantry-tree:
      size: 3281
      sha256: 216b361ca6ce22834f54a12318e2f34871192b68c64dc7fbd3cd8998076ca8d5
  original:
    hackage: unicode-data-0.3.1@sha256:ae3a3aca89a32b912ddde7a644c0c04eaf23ee42014c74fe3d6b9aaf36ce7ec9,5481
snapshots:
- completed:
    size: 587113
    url: https://raw.githubusercontent.com/commercialhaskell/stackage-snapshots/master/lts/18/6.yaml
    sha256: f74c482d7c93739ecf3abfbc0f2dea1c20a2dfb2462c689846ed55a9653b66f7
  original:
    url: https://raw.githubusercontent.com/commercialhaskell/stackage-snapshots/master/lts/18/6.yaml
